// !$*UTF8*$!
{
	archiveVersion = 1;
	classes = {
	};
	objectVersion = 50;
	objects = {

/* Begin PBXBuildFile section */
		D953998C2754BDE30089BF59 /* main.cpp in Sources */ = {isa = PBXBuildFile; fileRef = D953998B2754BDE30089BF59 /* main.cpp */; };
		D95399952754BE940089BF59 /* libbangtal.dylib in Frameworks */ = {isa = PBXBuildFile; fileRef = D95399942754BE940089BF59 /* libbangtal.dylib */; };
		D95399962754BE940089BF59 /* libbangtal.dylib in Embed Libraries */ = {isa = PBXBuildFile; fileRef = D95399942754BE940089BF59 /* libbangtal.dylib */; settings = {ATTRIBUTES = (CodeSignOnCopy, ); }; };
		D95399B82756276D0089BF59 /* color_button_4.png in Sources */ = {isa = PBXBuildFile; fileRef = D95399A22756276C0089BF59 /* color_button_4.png */; };
		D95399B92756276D0089BF59 /* color_button_2.png in Sources */ = {isa = PBXBuildFile; fileRef = D95399A32756276D0089BF59 /* color_button_2.png */; };
		D95399BA2756276D0089BF59 /* color_scene1.png in Sources */ = {isa = PBXBuildFile; fileRef = D95399A42756276D0089BF59 /* color_scene1.png */; };
		D95399BB2756276D0089BF59 /* drawing_5.png in Sources */ = {isa = PBXBuildFile; fileRef = D95399A52756276D0089BF59 /* drawing_5.png */; };
		D95399BD2756276D0089BF59 /* background.png in Sources */ = {isa = PBXBuildFile; fileRef = D95399A72756276D0089BF59 /* background.png */; };
		D95399BE2756276D0089BF59 /* color_endButton.png in Sources */ = {isa = PBXBuildFile; fileRef = D95399A82756276D0089BF59 /* color_endButton.png */; };
		D95399BF2756276D0089BF59 /* color_button_0.png in Sources */ = {isa = PBXBuildFile; fileRef = D95399A92756276D0089BF59 /* color_button_0.png */; };
		D95399C02756276D0089BF59 /* drawing_1.png in Sources */ = {isa = PBXBuildFile; fileRef = D95399AA2756276D0089BF59 /* drawing_1.png */; };
		D95399C32756276D0089BF59 /* drawing_0.png in Sources */ = {isa = PBXBuildFile; fileRef = D95399AD2756276D0089BF59 /* drawing_0.png */; };
		D95399C52756276D0089BF59 /* drawing_11.png in Sources */ = {isa = PBXBuildFile; fileRef = D95399AF2756276D0089BF59 /* drawing_11.png */; };
		D95399C62756276D0089BF59 /* color_button_1.png in Sources */ = {isa = PBXBuildFile; fileRef = D95399B02756276D0089BF59 /* color_button_1.png */; };
		D95399C92756276D0089BF59 /* color_button_3.png in Sources */ = {isa = PBXBuildFile; fileRef = D95399B32756276D0089BF59 /* color_button_3.png */; };
		D95399CA2756276D0089BF59 /* drawing_2.png in Sources */ = {isa = PBXBuildFile; fileRef = D95399B42756276D0089BF59 /* drawing_2.png */; };
		D95399CB2756276D0089BF59 /* color_button_5.png in Sources */ = {isa = PBXBuildFile; fileRef = D95399B52756276D0089BF59 /* color_button_5.png */; };
		D95399CC2756276D0089BF59 /* drawing_4.png in Sources */ = {isa = PBXBuildFile; fileRef = D95399B62756276D0089BF59 /* drawing_4.png */; };
		D95399CD2756276D0089BF59 /* color_startButton.png in Sources */ = {isa = PBXBuildFile; fileRef = D95399B72756276D0089BF59 /* color_startButton.png */; };
		D95399D5275630FA0089BF59 /* color_story6.png in Sources */ = {isa = PBXBuildFile; fileRef = D95399CE275630FA0089BF59 /* color_story6.png */; };
		D95399D6275630FA0089BF59 /* color_story1.png in Sources */ = {isa = PBXBuildFile; fileRef = D95399CF275630FA0089BF59 /* color_story1.png */; };
		D95399D7275630FA0089BF59 /* color_story5.png in Sources */ = {isa = PBXBuildFile; fileRef = D95399D0275630FA0089BF59 /* color_story5.png */; };
		D95399D8275630FA0089BF59 /* color_story2.png in Sources */ = {isa = PBXBuildFile; fileRef = D95399D1275630FA0089BF59 /* color_story2.png */; };
		D95399D9275630FA0089BF59 /* color_story4.png in Sources */ = {isa = PBXBuildFile; fileRef = D95399D2275630FA0089BF59 /* color_story4.png */; };
		D95399DA275630FA0089BF59 /* color_story3.png in Sources */ = {isa = PBXBuildFile; fileRef = D95399D3275630FA0089BF59 /* color_story3.png */; };
		D95399DB275630FA0089BF59 /* color_story0.png in Sources */ = {isa = PBXBuildFile; fileRef = D95399D4275630FA0089BF59 /* color_story0.png */; };
		D95399DD27563B160089BF59 /* color_howto.png in Sources */ = {isa = PBXBuildFile; fileRef = D95399DC27563B160089BF59 /* color_howto.png */; };
		D95399E4275640870089BF59 /* drawing_white_2.png in Sources */ = {isa = PBXBuildFile; fileRef = D95399DE275640870089BF59 /* drawing_white_2.png */; };
		D95399E5275640870089BF59 /* drawing_white_4.png in Sources */ = {isa = PBXBuildFile; fileRef = D95399DF275640870089BF59 /* drawing_white_4.png */; };
		D95399E6275640870089BF59 /* drawing_white_1.png in Sources */ = {isa = PBXBuildFile; fileRef = D95399E0275640870089BF59 /* drawing_white_1.png */; };
		D95399E7275640870089BF59 /* drawing_white_3.png in Sources */ = {isa = PBXBuildFile; fileRef = D95399E1275640870089BF59 /* drawing_white_3.png */; };
		D95399E8275640870089BF59 /* drawing_white_5.png in Sources */ = {isa = PBXBuildFile; fileRef = D95399E2275640870089BF59 /* drawing_white_5.png */; };
		D95399E9275640870089BF59 /* drawing_white_0.png in Sources */ = {isa = PBXBuildFile; fileRef = D95399E3275640870089BF59 /* drawing_white_0.png */; };
		D95399EB275644580089BF59 /* color_end.png in Sources */ = {isa = PBXBuildFile; fileRef = D95399EA275644580089BF59 /* color_end.png */; };
/* End PBXBuildFile section */

/* Begin PBXCopyFilesBuildPhase section */
		D95399862754BDE30089BF59 /* CopyFiles */ = {
			isa = PBXCopyFilesBuildPhase;
			buildActionMask = 2147483647;
			dstPath = /usr/share/man/man1/;
			dstSubfolderSpec = 0;
			files = (
			);
			runOnlyForDeploymentPostprocessing = 1;
		};
		D95399972754BE940089BF59 /* Embed Libraries */ = {
			isa = PBXCopyFilesBuildPhase;
			buildActionMask = 2147483647;
			dstPath = "";
			dstSubfolderSpec = 10;
			files = (
				D95399962754BE940089BF59 /* libbangtal.dylib in Embed Libraries */,
			);
			name = "Embed Libraries";
			runOnlyForDeploymentPostprocessing = 0;
		};
/* End PBXCopyFilesBuildPhase section */

/* Begin PBXFileReference section */
		D95399882754BDE30089BF59 /* coloring */ = {isa = PBXFileReference; explicitFileType = "compiled.mach-o.executable"; includeInIndex = 0; path = coloring; sourceTree = BUILT_PRODUCTS_DIR; };
		D953998B2754BDE30089BF59 /* main.cpp */ = {isa = PBXFileReference; lastKnownFileType = sourcecode.cpp.cpp; path = main.cpp; sourceTree = "<group>"; };
		D95399942754BE940089BF59 /* libbangtal.dylib */ = {isa = PBXFileReference; lastKnownFileType = "compiled.mach-o.dylib"; name = libbangtal.dylib; path = ../../../../Library/Frameworks/Bangtal/lib/Release/libbangtal.dylib; sourceTree = "<group>"; };
		D95399A22756276C0089BF59 /* color_button_4.png */ = {isa = PBXFileReference; lastKnownFileType = image.png; name = color_button_4.png; path = coloring/drawing_images/color_button_4.png; sourceTree = "<group>"; };
		D95399A32756276D0089BF59 /* color_button_2.png */ = {isa = PBXFileReference; lastKnownFileType = image.png; name = color_button_2.png; path = coloring/drawing_images/color_button_2.png; sourceTree = "<group>"; };
		D95399A42756276D0089BF59 /* color_scene1.png */ = {isa = PBXFileReference; lastKnownFileType = image.png; name = color_scene1.png; path = coloring/drawing_images/color_scene1.png; sourceTree = "<group>"; };
		D95399A52756276D0089BF59 /* drawing_5.png */ = {isa = PBXFileReference; lastKnownFileType = image.png; name = drawing_5.png; path = coloring/drawing_images/drawing_5.png; sourceTree = "<group>"; };
		D95399A72756276D0089BF59 /* background.png */ = {isa = PBXFileReference; lastKnownFileType = image.png; name = background.png; path = coloring/drawing_images/background.png; sourceTree = "<group>"; };
		D95399A82756276D0089BF59 /* color_endButton.png */ = {isa = PBXFileReference; lastKnownFileType = image.png; name = color_endButton.png; path = coloring/drawing_images/color_endButton.png; sourceTree = "<group>"; };
		D95399A92756276D0089BF59 /* color_button_0.png */ = {isa = PBXFileReference; lastKnownFileType = image.png; name = color_button_0.png; path = coloring/drawing_images/color_button_0.png; sourceTree = "<group>"; };
		D95399AA2756276D0089BF59 /* drawing_1.png */ = {isa = PBXFileReference; lastKnownFileType = image.png; name = drawing_1.png; path = coloring/drawing_images/drawing_1.png; sourceTree = "<group>"; };
		D95399AD2756276D0089BF59 /* drawing_0.png */ = {isa = PBXFileReference; lastKnownFileType = image.png; name = drawing_0.png; path = coloring/drawing_images/drawing_0.png; sourceTree = "<group>"; };
		D95399AF2756276D0089BF59 /* drawing_11.png */ = {isa = PBXFileReference; lastKnownFileType = image.png; name = drawing_11.png; path = coloring/drawing_images/drawing_11.png; sourceTree = "<group>"; };
		D95399B02756276D0089BF59 /* color_button_1.png */ = {isa = PBXFileReference; lastKnownFileType = image.png; name = color_button_1.png; path = coloring/drawing_images/color_button_1.png; sourceTree = "<group>"; };
		D95399B32756276D0089BF59 /* color_button_3.png */ = {isa = PBXFileReference; lastKnownFileType = image.png; name = color_button_3.png; path = coloring/drawing_images/color_button_3.png; sourceTree = "<group>"; };
		D95399B42756276D0089BF59 /* drawing_2.png */ = {isa = PBXFileReference; lastKnownFileType = image.png; name = drawing_2.png; path = coloring/drawing_images/drawing_2.png; sourceTree = "<group>"; };
		D95399B52756276D0089BF59 /* color_button_5.png */ = {isa = PBXFileReference; lastKnownFileType = image.png; name = color_button_5.png; path = coloring/drawing_images/color_button_5.png; sourceTree = "<group>"; };
		D95399B62756276D0089BF59 /* drawing_4.png */ = {isa = PBXFileReference; lastKnownFileType = image.png; name = drawing_4.png; path = coloring/drawing_images/drawing_4.png; sourceTree = "<group>"; };
		D95399B72756276D0089BF59 /* color_startButton.png */ = {isa = PBXFileReference; lastKnownFileType = image.png; name = color_startButton.png; path = coloring/drawing_images/color_startButton.png; sourceTree = "<group>"; };
		D95399CE275630FA0089BF59 /* color_story6.png */ = {isa = PBXFileReference; lastKnownFileType = image.png; name = color_story6.png; path = coloring/drawing_images/color_story6.png; sourceTree = "<group>"; };
		D95399CF275630FA0089BF59 /* color_story1.png */ = {isa = PBXFileReference; lastKnownFileType = image.png; name = color_story1.png; path = coloring/drawing_images/color_story1.png; sourceTree = "<group>"; };
		D95399D0275630FA0089BF59 /* color_story5.png */ = {isa = PBXFileReference; lastKnownFileType = image.png; name = color_story5.png; path = coloring/drawing_images/color_story5.png; sourceTree = "<group>"; };
		D95399D1275630FA0089BF59 /* color_story2.png */ = {isa = PBXFileReference; lastKnownFileType = image.png; name = color_story2.png; path = coloring/drawing_images/color_story2.png; sourceTree = "<group>"; };
		D95399D2275630FA0089BF59 /* color_story4.png */ = {isa = PBXFileReference; lastKnownFileType = image.png; name = color_story4.png; path = coloring/drawing_images/color_story4.png; sourceTree = "<group>"; };
		D95399D3275630FA0089BF59 /* color_story3.png */ = {isa = PBXFileReference; lastKnownFileType = image.png; name = color_story3.png; path = coloring/drawing_images/color_story3.png; sourceTree = "<group>"; };
		D95399D4275630FA0089BF59 /* color_story0.png */ = {isa = PBXFileReference; lastKnownFileType = image.png; name = color_story0.png; path = coloring/drawing_images/color_story0.png; sourceTree = "<group>"; };
		D95399DC27563B160089BF59 /* color_howto.png */ = {isa = PBXFileReference; lastKnownFileType = image.png; name = color_howto.png; path = coloring/drawing_images/color_howto.png; sourceTree = "<group>"; };
		D95399DE275640870089BF59 /* drawing_white_2.png */ = {isa = PBXFileReference; lastKnownFileType = image.png; name = drawing_white_2.png; path = coloring/drawing_images/drawing_white_2.png; sourceTree = "<group>"; };
		D95399DF275640870089BF59 /* drawing_white_4.png */ = {isa = PBXFileReference; lastKnownFileType = image.png; name = drawing_white_4.png; path = coloring/drawing_images/drawing_white_4.png; sourceTree = "<group>"; };
		D95399E0275640870089BF59 /* drawing_white_1.png */ = {isa = PBXFileReference; lastKnownFileType = image.png; name = drawing_white_1.png; path = coloring/drawing_images/drawing_white_1.png; sourceTree = "<group>"; };
		D95399E1275640870089BF59 /* drawing_white_3.png */ = {isa = PBXFileReference; lastKnownFileType = image.png; name = drawing_white_3.png; path = coloring/drawing_images/drawing_white_3.png; sourceTree = "<group>"; };
		D95399E2275640870089BF59 /* drawing_white_5.png */ = {isa = PBXFileReference; lastKnownFileType = image.png; name = drawing_white_5.png; path = coloring/drawing_images/drawing_white_5.png; sourceTree = "<group>"; };
		D95399E3275640870089BF59 /* drawing_white_0.png */ = {isa = PBXFileReference; lastKnownFileType = image.png; name = drawing_white_0.png; path = coloring/drawing_images/drawing_white_0.png; sourceTree = "<group>"; };
		D95399EA275644580089BF59 /* color_end.png */ = {isa = PBXFileReference; lastKnownFileType = image.png; name = color_end.png; path = coloring/drawing_images/color_end.png; sourceTree = "<group>"; };
/* End PBXFileReference section */

/* Begin PBXFrameworksBuildPhase section */
		D95399852754BDE30089BF59 /* Frameworks */ = {
			isa = PBXFrameworksBuildPhase;
			buildActionMask = 2147483647;
			files = (
				D95399952754BE940089BF59 /* libbangtal.dylib in Frameworks */,
			);
			runOnlyForDeploymentPostprocessing = 0;
		};
/* End PBXFrameworksBuildPhase section */

/* Begin PBXGroup section */
		D953997F2754BDE30089BF59 = {
			isa = PBXGroup;
			children = (
				D95399EA275644580089BF59 /* color_end.png */,
				D95399E3275640870089BF59 /* drawing_white_0.png */,
				D95399E0275640870089BF59 /* drawing_white_1.png */,
				D95399DE275640870089BF59 /* drawing_white_2.png */,
				D95399E1275640870089BF59 /* drawing_white_3.png */,
				D95399DF275640870089BF59 /* drawing_white_4.png */,
				D95399E2275640870089BF59 /* drawing_white_5.png */,
				D95399DC27563B160089BF59 /* color_howto.png */,
				D95399D4275630FA0089BF59 /* color_story0.png */,
				D95399CF275630FA0089BF59 /* color_story1.png */,
				D95399D1275630FA0089BF59 /* color_story2.png */,
				D95399D3275630FA0089BF59 /* color_story3.png */,
				D95399D2275630FA0089BF59 /* color_story4.png */,
				D95399D0275630FA0089BF59 /* color_story5.png */,
				D95399CE275630FA0089BF59 /* color_story6.png */,
				D95399A72756276D0089BF59 /* background.png */,
				D95399A92756276D0089BF59 /* color_button_0.png */,
				D95399B02756276D0089BF59 /* color_button_1.png */,
				D95399A32756276D0089BF59 /* color_button_2.png */,
				D95399B32756276D0089BF59 /* color_button_3.png */,
				D95399A22756276C0089BF59 /* color_button_4.png */,
				D95399B52756276D0089BF59 /* color_button_5.png */,
				D95399A82756276D0089BF59 /* color_endButton.png */,
				D95399A42756276D0089BF59 /* color_scene1.png */,
				D95399B72756276D0089BF59 /* color_startButton.png */,
				D95399AD2756276D0089BF59 /* drawing_0.png */,
				D95399AA2756276D0089BF59 /* drawing_1.png */,
				D95399B42756276D0089BF59 /* drawing_2.png */,
				D95399B62756276D0089BF59 /* drawing_4.png */,
				D95399A52756276D0089BF59 /* drawing_5.png */,
				D95399AF2756276D0089BF59 /* drawing_11.png */,
				D953998A2754BDE30089BF59 /* coloring */,
				D95399892754BDE30089BF59 /* Products */,
				D95399932754BE940089BF59 /* Frameworks */,
			);
			sourceTree = "<group>";
		};
		D95399892754BDE30089BF59 /* Products */ = {
			isa = PBXGroup;
			children = (
				D95399882754BDE30089BF59 /* coloring */,
			);
			name = Products;
			sourceTree = "<group>";
		};
		D953998A2754BDE30089BF59 /* coloring */ = {
			isa = PBXGroup;
			children = (
				D953998B2754BDE30089BF59 /* main.cpp */,
			);
			path = coloring;
			sourceTree = "<group>";
		};
		D95399932754BE940089BF59 /* Frameworks */ = {
			isa = PBXGroup;
			children = (
				D95399942754BE940089BF59 /* libbangtal.dylib */,
			);
			name = Frameworks;
			sourceTree = "<group>";
		};
/* End PBXGroup section */

/* Begin PBXNativeTarget section */
		D95399872754BDE30089BF59 /* coloring */ = {
			isa = PBXNativeTarget;
			buildConfigurationList = D953998F2754BDE40089BF59 /* Build configuration list for PBXNativeTarget "coloring" */;
			buildPhases = (
				D95399842754BDE30089BF59 /* Sources */,
				D95399852754BDE30089BF59 /* Frameworks */,
				D95399862754BDE30089BF59 /* CopyFiles */,
				D95399972754BE940089BF59 /* Embed Libraries */,
			);
			buildRules = (
			);
			dependencies = (
			);
			name = coloring;
			productName = coloring;
			productReference = D95399882754BDE30089BF59 /* coloring */;
			productType = "com.apple.product-type.tool";
		};
/* End PBXNativeTarget section */

/* Begin PBXProject section */
		D95399802754BDE30089BF59 /* Project object */ = {
			isa = PBXProject;
			attributes = {
				LastUpgradeCheck = 1240;
				TargetAttributes = {
					D95399872754BDE30089BF59 = {
						CreatedOnToolsVersion = 12.4;
					};
				};
			};
			buildConfigurationList = D95399832754BDE30089BF59 /* Build configuration list for PBXProject "coloring" */;
			compatibilityVersion = "Xcode 9.3";
			developmentRegion = en;
			hasScannedForEncodings = 0;
			knownRegions = (
				en,
				Base,
			);
			mainGroup = D953997F2754BDE30089BF59;
			productRefGroup = D95399892754BDE30089BF59 /* Products */;
			projectDirPath = "";
			projectRoot = "";
			targets = (
				D95399872754BDE30089BF59 /* coloring */,
			);
		};
/* End PBXProject section */

/* Begin PBXSourcesBuildPhase section */
		D95399842754BDE30089BF59 /* Sources */ = {
			isa = PBXSourcesBuildPhase;
			buildActionMask = 2147483647;
			files = (
				D95399EB275644580089BF59 /* color_end.png in Sources */,
				D95399E4275640870089BF59 /* drawing_white_2.png in Sources */,
				D95399E5275640870089BF59 /* drawing_white_4.png in Sources */,
				D95399E6275640870089BF59 /* drawing_white_1.png in Sources */,
				D95399E7275640870089BF59 /* drawing_white_3.png in Sources */,
				D95399E8275640870089BF59 /* drawing_white_5.png in Sources */,
				D95399E9275640870089BF59 /* drawing_white_0.png in Sources */,
				D95399DD27563B160089BF59 /* color_howto.png in Sources */,
				D95399D5275630FA0089BF59 /* color_story6.png in Sources */,
				D95399D6275630FA0089BF59 /* color_story1.png in Sources */,
				D95399D7275630FA0089BF59 /* color_story5.png in Sources */,
				D95399D8275630FA0089BF59 /* color_story2.png in Sources */,
				D95399D9275630FA0089BF59 /* color_story4.png in Sources */,
				D95399DA275630FA0089BF59 /* color_story3.png in Sources */,
				D95399DB275630FA0089BF59 /* color_story0.png in Sources */,
				D95399B82756276D0089BF59 /* color_button_4.png in Sources */,
				D95399B92756276D0089BF59 /* color_button_2.png in Sources */,
				D95399BA2756276D0089BF59 /* color_scene1.png in Sources */,
				D95399BB2756276D0089BF59 /* drawing_5.png in Sources */,
				D95399BD2756276D0089BF59 /* background.png in Sources */,
				D95399BE2756276D0089BF59 /* color_endButton.png in Sources */,
				D95399BF2756276D0089BF59 /* color_button_0.png in Sources */,
				D95399C02756276D0089BF59 /* drawing_1.png in Sources */,
				D95399C32756276D0089BF59 /* drawing_0.png in Sources */,
				D95399C52756276D0089BF59 /* drawing_11.png in Sources */,
				D95399C62756276D0089BF59 /* color_button_1.png in Sources */,
				D95399C92756276D0089BF59 /* color_button_3.png in Sources */,
				D95399CA2756276D0089BF59 /* drawing_2.png in Sources */,
				D95399CB2756276D0089BF59 /* color_button_5.png in Sources */,
				D95399CC2756276D0089BF59 /* drawing_4.png in Sources */,
				D95399CD2756276D0089BF59 /* color_startButton.png in Sources */,
				D953998C2754BDE30089BF59 /* main.cpp in Sources */,
			);
			runOnlyForDeploymentPostprocessing = 0;
		};
/* End PBXSourcesBuildPhase section */

/* Begin XCBuildConfiguration section */
		D953998D2754BDE30089BF59 /* Debug */ = {
			isa = XCBuildConfiguration;
			buildSettings = {
				ALWAYS_SEARCH_USER_PATHS = NO;
				CLANG_ANALYZER_NONNULL = YES;
				CLANG_ANALYZER_NUMBER_OBJECT_CONVERSION = YES_AGGRESSIVE;
				CLANG_CXX_LANGUAGE_STANDARD = "gnu++14";
				CLANG_CXX_LIBRARY = "libc++";
				CLANG_ENABLE_MODULES = YES;
				CLANG_ENABLE_OBJC_ARC = YES;
				CLANG_ENABLE_OBJC_WEAK = YES;
				CLANG_WARN_BLOCK_CAPTURE_AUTORELEASING = YES;
				CLANG_WARN_BOOL_CONVERSION = YES;
				CLANG_WARN_COMMA = YES;
				CLANG_WARN_CONSTANT_CONVERSION = YES;
				CLANG_WARN_DEPRECATED_OBJC_IMPLEMENTATIONS = YES;
				CLANG_WARN_DIRECT_OBJC_ISA_USAGE = YES_ERROR;
				CLANG_WARN_DOCUMENTATION_COMMENTS = YES;
				CLANG_WARN_EMPTY_BODY = YES;
				CLANG_WARN_ENUM_CONVERSION = YES;
				CLANG_WARN_INFINITE_RECURSION = YES;
				CLANG_WARN_INT_CONVERSION = YES;
				CLANG_WARN_NON_LITERAL_NULL_CONVERSION = YES;
				CLANG_WARN_OBJC_IMPLICIT_RETAIN_SELF = YES;
				CLANG_WARN_OBJC_LITERAL_CONVERSION = YES;
				CLANG_WARN_OBJC_ROOT_CLASS = YES_ERROR;
				CLANG_WARN_QUOTED_INCLUDE_IN_FRAMEWORK_HEADER = YES;
				CLANG_WARN_RANGE_LOOP_ANALYSIS = YES;
				CLANG_WARN_STRICT_PROTOTYPES = YES;
				CLANG_WARN_SUSPICIOUS_MOVE = YES;
				CLANG_WARN_UNGUARDED_AVAILABILITY = YES_AGGRESSIVE;
				CLANG_WARN_UNREACHABLE_CODE = YES;
				CLANG_WARN__DUPLICATE_METHOD_MATCH = YES;
				COPY_PHASE_STRIP = NO;
				DEBUG_INFORMATION_FORMAT = dwarf;
				ENABLE_STRICT_OBJC_MSGSEND = YES;
				ENABLE_TESTABILITY = YES;
				GCC_C_LANGUAGE_STANDARD = gnu11;
				GCC_DYNAMIC_NO_PIC = NO;
				GCC_NO_COMMON_BLOCKS = YES;
				GCC_OPTIMIZATION_LEVEL = 0;
				GCC_PREPROCESSOR_DEFINITIONS = (
					"DEBUG=1",
					"$(inherited)",
				);
				GCC_WARN_64_TO_32_BIT_CONVERSION = YES;
				GCC_WARN_ABOUT_RETURN_TYPE = YES_ERROR;
				GCC_WARN_UNDECLARED_SELECTOR = YES;
				GCC_WARN_UNINITIALIZED_AUTOS = YES_AGGRESSIVE;
				GCC_WARN_UNUSED_FUNCTION = YES;
				GCC_WARN_UNUSED_VARIABLE = YES;
				MACOSX_DEPLOYMENT_TARGET = 11.1;
				MTL_ENABLE_DEBUG_INFO = INCLUDE_SOURCE;
				MTL_FAST_MATH = YES;
				ONLY_ACTIVE_ARCH = YES;
				SDKROOT = macosx;
			};
			name = Debug;
		};
		D953998E2754BDE30089BF59 /* Release */ = {
			isa = XCBuildConfiguration;
			buildSettings = {
				ALWAYS_SEARCH_USER_PATHS = NO;
				CLANG_ANALYZER_NONNULL = YES;
				CLANG_ANALYZER_NUMBER_OBJECT_CONVERSION = YES_AGGRESSIVE;
				CLANG_CXX_LANGUAGE_STANDARD = "gnu++14";
				CLANG_CXX_LIBRARY = "libc++";
				CLANG_ENABLE_MODULES = YES;
				CLANG_ENABLE_OBJC_ARC = YES;
				CLANG_ENABLE_OBJC_WEAK = YES;
				CLANG_WARN_BLOCK_CAPTURE_AUTORELEASING = YES;
				CLANG_WARN_BOOL_CONVERSION = YES;
				CLANG_WARN_COMMA = YES;
				CLANG_WARN_CONSTANT_CONVERSION = YES;
				CLANG_WARN_DEPRECATED_OBJC_IMPLEMENTATIONS = YES;
				CLANG_WARN_DIRECT_OBJC_ISA_USAGE = YES_ERROR;
				CLANG_WARN_DOCUMENTATION_COMMENTS = YES;
				CLANG_WARN_EMPTY_BODY = YES;
				CLANG_WARN_ENUM_CONVERSION = YES;
				CLANG_WARN_INFINITE_RECURSION = YES;
				CLANG_WARN_INT_CONVERSION = YES;
				CLANG_WARN_NON_LITERAL_NULL_CONVERSION = YES;
				CLANG_WARN_OBJC_IMPLICIT_RETAIN_SELF = YES;
				CLANG_WARN_OBJC_LITERAL_CONVERSION = YES;
				CLANG_WARN_OBJC_ROOT_CLASS = YES_ERROR;
				CLANG_WARN_QUOTED_INCLUDE_IN_FRAMEWORK_HEADER = YES;
				CLANG_WARN_RANGE_LOOP_ANALYSIS = YES;
				CLANG_WARN_STRICT_PROTOTYPES = YES;
				CLANG_WARN_SUSPICIOUS_MOVE = YES;
				CLANG_WARN_UNGUARDED_AVAILABILITY = YES_AGGRESSIVE;
				CLANG_WARN_UNREACHABLE_CODE = YES;
				CLANG_WARN__DUPLICATE_METHOD_MATCH = YES;
				COPY_PHASE_STRIP = NO;
				DEBUG_INFORMATION_FORMAT = "dwarf-with-dsym";
				ENABLE_NS_ASSERTIONS = NO;
				ENABLE_STRICT_OBJC_MSGSEND = YES;
				GCC_C_LANGUAGE_STANDARD = gnu11;
				GCC_NO_COMMON_BLOCKS = YES;
				GCC_WARN_64_TO_32_BIT_CONVERSION = YES;
				GCC_WARN_ABOUT_RETURN_TYPE = YES_ERROR;
				GCC_WARN_UNDECLARED_SELECTOR = YES;
				GCC_WARN_UNINITIALIZED_AUTOS = YES_AGGRESSIVE;
				GCC_WARN_UNUSED_FUNCTION = YES;
				GCC_WARN_UNUSED_VARIABLE = YES;
				MACOSX_DEPLOYMENT_TARGET = 11.1;
				MTL_ENABLE_DEBUG_INFO = NO;
				MTL_FAST_MATH = YES;
				SDKROOT = macosx;
			};
			name = Release;
		};
		D95399902754BDE40089BF59 /* Debug */ = {
			isa = XCBuildConfiguration;
			buildSettings = {
				CODE_SIGN_STYLE = Automatic;
				DEVELOPMENT_TEAM = KN85W22C75;
				ENABLE_HARDENED_RUNTIME = YES;
				"EXCLUDED_ARCHS[sdk=*]" = arm64;
				"HEADER_SEARCH_PATHS[arch=*]" = /Library/Frameworks/Bangtal/include;
				LIBRARY_SEARCH_PATHS = (
					"$(inherited)",
					"$(LOCAL_LIBRARY_DIR)/Frameworks/Bangtal/lib/Release",
				);
				PRODUCT_NAME = "$(TARGET_NAME)";
			};
			name = Debug;
		};
		D95399912754BDE40089BF59 /* Release */ = {
			isa = XCBuildConfiguration;
			buildSettings = {
				CODE_SIGN_STYLE = Automatic;
				DEVELOPMENT_TEAM = KN85W22C75;
				ENABLE_HARDENED_RUNTIME = YES;
				"EXCLUDED_ARCHS[sdk=*]" = arm64;
				"HEADER_SEARCH_PATHS[arch=*]" = /Library/Frameworks/Bangtal/include;
				LIBRARY_SEARCH_PATHS = (
					"$(inherited)",
					"$(LOCAL_LIBRARY_DIR)/Frameworks/Bangtal/lib/Release",
				);
				PRODUCT_NAME = "$(TARGET_NAME)";
			};
			name = Release;
		};
/* End XCBuildConfiguration section */

/* Begin XCConfigurationList section */
		D95399832754BDE30089BF59 /* Build configuration list for PBXProject "coloring" */ = {
			isa = XCConfigurationList;
			buildConfigurations = (
				D953998D2754BDE30089BF59 /* Debug */,
				D953998E2754BDE30089BF59 /* Release */,
			);
			defaultConfigurationIsVisible = 0;
			defaultConfigurationName = Release;
		};
		D953998F2754BDE40089BF59 /* Build configuration list for PBXNativeTarget "coloring" */ = {
			isa = XCConfigurationList;
			buildConfigurations = (
				D95399902754BDE40089BF59 /* Debug */,
				D95399912754BDE40089BF59 /* Release */,
			);
			defaultConfigurationIsVisible = 0;
			defaultConfigurationName = Release;
		};
/* End XCConfigurationList section */
	};
	rootObject = D95399802754BDE30089BF59 /* Project object */;
}
